
Microsoft Visual Studio Solution File, Format Version 12.00
# Visual Studio 15
VisualStudioVersion = 15.0.27428.2037
MinimumVisualStudioVersion = 10.0.40219.1
Project("{9A19103F-16F7-4668-BE54-9A1E7A4F7556}") = "01. Merge Sort", "01. Merge Sort\01. Merge Sort.csproj", "{DABE1939-7ACC-44DF-B7F9-D5783E16DAA6}"
EndProject
Project("{9A19103F-16F7-4668-BE54-9A1E7A4F7556}") = "02. Quicksort", "02. Quicksort\02. Quicksort.csproj", "{731EEDEE-3DE1-4F7C-868A-F893A7A85D5E}"
EndProject
Project("{9A19103F-16F7-4668-BE54-9A1E7A4F7556}") = "03. Binary Search", "03. Binary Search\03. Binary Search.csproj", "{624BBEC5-DC05-4B0F-8295-27C6F676C315}"
EndProject
Project("{9A19103F-16F7-4668-BE54-9A1E7A4F7556}") = "Bubble Sort", "Bubble Sort\Bubble Sort.csproj", "{6F9DB860-E15D-4335-AFEB-782230FC7C22}"
EndProject
Project("{FAE04EC0-301F-11D3-BF4B-00C04F79EFBC}") = "Words", "Words\Words.csproj", "{D946BDE6-8BEE-4AB1-9C32-38A24930FBD0}"
EndProject
Global
	GlobalSection(SolutionConfigurationPlatforms) = preSolution
		Debug|Any CPU = Debug|Any CPU
		Release|Any CPU = Release|Any CPU
	EndGlobalSection
	GlobalSection(ProjectConfigurationPlatforms) = postSolution
		{DABE1939-7ACC-44DF-B7F9-D5783E16DAA6}.Debug|Any CPU.ActiveCfg = Debug|Any CPU
		{DABE1939-7ACC-44DF-B7F9-D5783E16DAA6}.Debug|Any CPU.Build.0 = Debug|Any CPU
		{DABE1939-7ACC-44DF-B7F9-D5783E16DAA6}.Release|Any CPU.ActiveCfg = Release|Any CPU
		{DABE1939-7ACC-44DF-B7F9-D5783E16DAA6}.Release|Any CPU.Build.0 = Release|Any CPU
		{731EEDEE-3DE1-4F7C-868A-F893A7A85D5E}.Debug|Any CPU.ActiveCfg = Debug|Any CPU
		{731EEDEE-3DE1-4F7C-868A-F893A7A85D5E}.Debug|Any CPU.Build.0 = Debug|Any CPU
		{731EEDEE-3DE1-4F7C-868A-F893A7A85D5E}.Release|Any CPU.ActiveCfg = Release|Any CPU
		{731EEDEE-3DE1-4F7C-868A-F893A7A85D5E}.Release|Any CPU.Build.0 = Release|Any CPU
		{624BBEC5-DC05-4B0F-8295-27C6F676C315}.Debug|Any CPU.ActiveCfg = Debug|Any CPU
		{624BBEC5-DC05-4B0F-8295-27C6F676C315}.Debug|Any CPU.Build.0 = Debug|Any CPU
		{624BBEC5-DC05-4B0F-8295-27C6F676C315}.Release|Any CPU.ActiveCfg = Release|Any CPU
		{624BBEC5-DC05-4B0F-8295-27C6F676C315}.Release|Any CPU.Build.0 = Release|Any CPU
		{6F9DB860-E15D-4335-AFEB-782230FC7C22}.Debug|Any CPU.ActiveCfg = Debug|Any CPU
		{6F9DB860-E15D-4335-AFEB-782230FC7C22}.Debug|Any CPU.Build.0 = Debug|Any CPU
		{6F9DB860-E15D-4335-AFEB-782230FC7C22}.Release|Any CPU.ActiveCfg = Release|Any CPU
		{6F9DB860-E15D-4335-AFEB-782230FC7C22}.Release|Any CPU.Build.0 = Release|Any CPU
		{D946BDE6-8BEE-4AB1-9C32-38A24930FBD0}.Debug|Any CPU.ActiveCfg = Debug|Any CPU
		{D946BDE6-8BEE-4AB1-9C32-38A24930FBD0}.Debug|Any CPU.Build.0 = Debug|Any CPU
		{D946BDE6-8BEE-4AB1-9C32-38A24930FBD0}.Release|Any CPU.ActiveCfg = Release|Any CPU
		{D946BDE6-8BEE-4AB1-9C32-38A24930FBD0}.Release|Any CPU.Build.0 = Release|Any CPU
	EndGlobalSection
	GlobalSection(SolutionProperties) = preSolution
		HideSolutionNode = FALSE
	EndGlobalSection
	GlobalSection(ExtensibilityGlobals) = postSolution
		SolutionGuid = {7AA5644A-E4AA-4674-8E33-1DB94E160845}
	EndGlobalSection
EndGlobal
